// !$*UTF8*$!
{
	archiveVersion = 1;
	classes = {
	};
	objectVersion = 50;
	objects = {

/* Begin PBXBuildFile section */
		C1E432F5219BA1A600FA06E6 /* AppDelegate.swift in Sources */ = {isa = PBXBuildFile; fileRef = C1E432F4219BA1A600FA06E6 /* AppDelegate.swift */; };
		C1E432F7219BA1A600FA06E6 /* ViewController.swift in Sources */ = {isa = PBXBuildFile; fileRef = C1E432F6219BA1A600FA06E6 /* ViewController.swift */; };
		C1E432FA219BA1A600FA06E6 /* Main.storyboard in Resources */ = {isa = PBXBuildFile; fileRef = C1E432F8219BA1A600FA06E6 /* Main.storyboard */; };
		C1E432FC219BA1A900FA06E6 /* Assets.xcassets in Resources */ = {isa = PBXBuildFile; fileRef = C1E432FB219BA1A900FA06E6 /* Assets.xcassets */; };
		C1E432FF219BA1A900FA06E6 /* LaunchScreen.storyboard in Resources */ = {isa = PBXBuildFile; fileRef = C1E432FD219BA1A900FA06E6 /* LaunchScreen.storyboard */; };
		C1E4330A219BA1A900FA06E6 /* FirebaseStorageSampleTests.swift in Sources */ = {isa = PBXBuildFile; fileRef = C1E43309219BA1A900FA06E6 /* FirebaseStorageSampleTests.swift */; };
		C1E43315219BA1A900FA06E6 /* FirebaseStorageSampleUITests.swift in Sources */ = {isa = PBXBuildFile; fileRef = C1E43314219BA1A900FA06E6 /* FirebaseStorageSampleUITests.swift */; };
/* End PBXBuildFile section */

/* Begin PBXContainerItemProxy section */
		C1E43306219BA1A900FA06E6 /* PBXContainerItemProxy */ = {
			isa = PBXContainerItemProxy;
			containerPortal = C1E432E9219BA1A600FA06E6 /* Project object */;
			proxyType = 1;
			remoteGlobalIDString = C1E432F0219BA1A600FA06E6;
			remoteInfo = FirebaseStorageSample;
		};
		C1E43311219BA1A900FA06E6 /* PBXContainerItemProxy */ = {
			isa = PBXContainerItemProxy;
			containerPortal = C1E432E9219BA1A600FA06E6 /* Project object */;
			proxyType = 1;
			remoteGlobalIDString = C1E432F0219BA1A600FA06E6;
			remoteInfo = FirebaseStorageSample;
		};
/* End PBXContainerItemProxy section */

/* Begin PBXFileReference section */
		C1E432F1219BA1A600FA06E6 /* FirebaseStorageSample.app */ = {isa = PBXFileReference; explicitFileType = wrapper.application; includeInIndex = 0; path = FirebaseStorageSample.app; sourceTree = BUILT_PRODUCTS_DIR; };
		C1E432F4219BA1A600FA06E6 /* AppDelegate.swift */ = {isa = PBXFileReference; lastKnownFileType = sourcecode.swift; path = AppDelegate.swift; sourceTree = "<group>"; };
		C1E432F6219BA1A600FA06E6 /* ViewController.swift */ = {isa = PBXFileReference; lastKnownFileType = sourcecode.swift; path = ViewController.swift; sourceTree = "<group>"; };
		C1E432F9219BA1A600FA06E6 /* Base */ = {isa = PBXFileReference; lastKnownFileType = file.storyboard; name = Base; path = Base.lproj/Main.storyboard; sourceTree = "<group>"; };
		C1E432FB219BA1A900FA06E6 /* Assets.xcassets */ = {isa = PBXFileReference; lastKnownFileType = folder.assetcatalog; path = Assets.xcassets; sourceTree = "<group>"; };
		C1E432FE219BA1A900FA06E6 /* Base */ = {isa = PBXFileReference; lastKnownFileType = file.storyboard; name = Base; path = Base.lproj/LaunchScreen.storyboard; sourceTree = "<group>"; };
		C1E43300219BA1A900FA06E6 /* Info.plist */ = {isa = PBXFileReference; lastKnownFileType = text.plist.xml; path = Info.plist; sourceTree = "<group>"; };
		C1E43305219BA1A900FA06E6 /* FirebaseStorageSampleTests.xctest */ = {isa = PBXFileReference; explicitFileType = wrapper.cfbundle; includeInIndex = 0; path = FirebaseStorageSampleTests.xctest; sourceTree = BUILT_PRODUCTS_DIR; };
		C1E43309219BA1A900FA06E6 /* FirebaseStorageSampleTests.swift */ = {isa = PBXFileReference; lastKnownFileType = sourcecode.swift; path = FirebaseStorageSampleTests.swift; sourceTree = "<group>"; };
		C1E4330B219BA1A900FA06E6 /* Info.plist */ = {isa = PBXFileReference; lastKnownFileType = text.plist.xml; path = Info.plist; sourceTree = "<group>"; };
		C1E43310219BA1A900FA06E6 /* FirebaseStorageSampleUITests.xctest */ = {isa = PBXFileReference; explicitFileType = wrapper.cfbundle; includeInIndex = 0; path = FirebaseStorageSampleUITests.xctest; sourceTree = BUILT_PRODUCTS_DIR; };
		C1E43314219BA1A900FA06E6 /* FirebaseStorageSampleUITests.swift */ = {isa = PBXFileReference; lastKnownFileType = sourcecode.swift; path = FirebaseStorageSampleUITests.swift; sourceTree = "<group>"; };
		C1E43316219BA1A900FA06E6 /* Info.plist */ = {isa = PBXFileReference; lastKnownFileType = text.plist.xml; path = Info.plist; sourceTree = "<group>"; };
/* End PBXFileReference section */

/* Begin PBXFrameworksBuildPhase section */
		C1E432EE219BA1A600FA06E6 /* Frameworks */ = {
			isa = PBXFrameworksBuildPhase;
			buildActionMask = 2147483647;
			files = (
			);
			runOnlyForDeploymentPostprocessing = 0;
		};
		C1E43302219BA1A900FA06E6 /* Frameworks */ = {
			isa = PBXFrameworksBuildPhase;
			buildActionMask = 2147483647;
			files = (
			);
			runOnlyForDeploymentPostprocessing = 0;
		};
		C1E4330D219BA1A900FA06E6 /* Frameworks */ = {
			isa = PBXFrameworksBuildPhase;
			buildActionMask = 2147483647;
			files = (
			);
			runOnlyForDeploymentPostprocessing = 0;
		};
/* End PBXFrameworksBuildPhase section */

/* Begin PBXGroup section */
		C1E432E8219BA1A600FA06E6 = {
			isa = PBXGroup;
			children = (
				C1E432F3219BA1A600FA06E6 /* FirebaseStorageSample */,
				C1E43308219BA1A900FA06E6 /* FirebaseStorageSampleTests */,
				C1E43313219BA1A900FA06E6 /* FirebaseStorageSampleUITests */,
				C1E432F2219BA1A600FA06E6 /* Products */,
			);
			sourceTree = "<group>";
		};
		C1E432F2219BA1A600FA06E6 /* Products */ = {
			isa = PBXGroup;
			children = (
				C1E432F1219BA1A600FA06E6 /* FirebaseStorageSample.app */,
				C1E43305219BA1A900FA06E6 /* FirebaseStorageSampleTests.xctest */,
				C1E43310219BA1A900FA06E6 /* FirebaseStorageSampleUITests.xctest */,
			);
			name = Products;
			sourceTree = "<group>";
		};
		C1E432F3219BA1A600FA06E6 /* FirebaseStorageSample */ = {
			isa = PBXGroup;
			children = (
				C1E432F4219BA1A600FA06E6 /* AppDelegate.swift */,
				C1E432F6219BA1A600FA06E6 /* ViewController.swift */,
				C1E432F8219BA1A600FA06E6 /* Main.storyboard */,
				C1E432FB219BA1A900FA06E6 /* Assets.xcassets */,
				C1E432FD219BA1A900FA06E6 /* LaunchScreen.storyboard */,
				C1E43300219BA1A900FA06E6 /* Info.plist */,
			);
			path = FirebaseStorageSample;
			sourceTree = "<group>";
		};
		C1E43308219BA1A900FA06E6 /* FirebaseStorageSampleTests */ = {
			isa = PBXGroup;
			children = (
				C1E43309219BA1A900FA06E6 /* FirebaseStorageSampleTests.swift */,
				C1E4330B219BA1A900FA06E6 /* Info.plist */,
			);
			path = FirebaseStorageSampleTests;
			sourceTree = "<group>";
		};
		C1E43313219BA1A900FA06E6 /* FirebaseStorageSampleUITests */ = {
			isa = PBXGroup;
			children = (
				C1E43314219BA1A900FA06E6 /* FirebaseStorageSampleUITests.swift */,
				C1E43316219BA1A900FA06E6 /* Info.plist */,
			);
			path = FirebaseStorageSampleUITests;
			sourceTree = "<group>";
		};
/* End PBXGroup section */

/* Begin PBXNativeTarget section */
		C1E432F0219BA1A600FA06E6 /* FirebaseStorageSample */ = {
			isa = PBXNativeTarget;
			buildConfigurationList = C1E43319219BA1A900FA06E6 /* Build configuration list for PBXNativeTarget "FirebaseStorageSample" */;
			buildPhases = (
				C1E432ED219BA1A600FA06E6 /* Sources */,
				C1E432EE219BA1A600FA06E6 /* Frameworks */,
				C1E432EF219BA1A600FA06E6 /* Resources */,
			);
			buildRules = (
			);
			dependencies = (
			);
			name = FirebaseStorageSample;
			productName = FirebaseStorageSample;
			productReference = C1E432F1219BA1A600FA06E6 /* FirebaseStorageSample.app */;
			productType = "com.apple.product-type.application";
		};
		C1E43304219BA1A900FA06E6 /* FirebaseStorageSampleTests */ = {
			isa = PBXNativeTarget;
			buildConfigurationList = C1E4331C219BA1A900FA06E6 /* Build configuration list for PBXNativeTarget "FirebaseStorageSampleTests" */;
			buildPhases = (
				C1E43301219BA1A900FA06E6 /* Sources */,
				C1E43302219BA1A900FA06E6 /* Frameworks */,
				C1E43303219BA1A900FA06E6 /* Resources */,
			);
			buildRules = (
			);
			dependencies = (
				C1E43307219BA1A900FA06E6 /* PBXTargetDependency */,
			);
			name = FirebaseStorageSampleTests;
			productName = FirebaseStorageSampleTests;
			productReference = C1E43305219BA1A900FA06E6 /* FirebaseStorageSampleTests.xctest */;
			productType = "com.apple.product-type.bundle.unit-test";
		};
		C1E4330F219BA1A900FA06E6 /* FirebaseStorageSampleUITests */ = {
			isa = PBXNativeTarget;
			buildConfigurationList = C1E4331F219BA1A900FA06E6 /* Build configuration list for PBXNativeTarget "FirebaseStorageSampleUITests" */;
			buildPhases = (
				C1E4330C219BA1A900FA06E6 /* Sources */,
				C1E4330D219BA1A900FA06E6 /* Frameworks */,
				C1E4330E219BA1A900FA06E6 /* Resources */,
			);
			buildRules = (
			);
			dependencies = (
				C1E43312219BA1A900FA06E6 /* PBXTargetDependency */,
			);
			name = FirebaseStorageSampleUITests;
			productName = FirebaseStorageSampleUITests;
			productReference = C1E43310219BA1A900FA06E6 /* FirebaseStorageSampleUITests.xctest */;
			productType = "com.apple.product-type.bundle.ui-testing";
		};
/* End PBXNativeTarget section */

/* Begin PBXProject section */
		C1E432E9219BA1A600FA06E6 /* Project object */ = {
			isa = PBXProject;
			attributes = {
				LastSwiftUpdateCheck = 1010;
				LastUpgradeCheck = 1010;
				ORGANIZATIONNAME = paranishian;
				TargetAttributes = {
					C1E432F0219BA1A600FA06E6 = {
						CreatedOnToolsVersion = 10.1;
					};
					C1E43304219BA1A900FA06E6 = {
						CreatedOnToolsVersion = 10.1;
						TestTargetID = C1E432F0219BA1A600FA06E6;
					};
					C1E4330F219BA1A900FA06E6 = {
						CreatedOnToolsVersion = 10.1;
						TestTargetID = C1E432F0219BA1A600FA06E6;
					};
				};
			};
			buildConfigurationList = C1E432EC219BA1A600FA06E6 /* Build configuration list for PBXProject "FirebaseStorageSample" */;
			compatibilityVersion = "Xcode 9.3";
			developmentRegion = en;
			hasScannedForEncodings = 0;
			knownRegions = (
				en,
				Base,
			);
			mainGroup = C1E432E8219BA1A600FA06E6;
			productRefGroup = C1E432F2219BA1A600FA06E6 /* Products */;
			projectDirPath = "";
			projectRoot = "";
			targets = (
				C1E432F0219BA1A600FA06E6 /* FirebaseStorageSample */,
				C1E43304219BA1A900FA06E6 /* FirebaseStorageSampleTests */,
				C1E4330F219BA1A900FA06E6 /* FirebaseStorageSampleUITests */,
			);
		};
/* End PBXProject section */

/* Begin PBXResourcesBuildPhase section */
		C1E432EF219BA1A600FA06E6 /* Resources */ = {
			isa = PBXResourcesBuildPhase;
			buildActionMask = 2147483647;
			files = (
				C1E432FF219BA1A900FA06E6 /* LaunchScreen.storyboard in Resources */,
				C1E432FC219BA1A900FA06E6 /* Assets.xcassets in Resources */,
				C1E432FA219BA1A600FA06E6 /* Main.storyboard in Resources */,
			);
			runOnlyForDeploymentPostprocessing = 0;
		};
		C1E43303219BA1A900FA06E6 /* Resources */ = {
			isa = PBXResourcesBuildPhase;
			buildActionMask = 2147483647;
			files = (
			);
			runOnlyForDeploymentPostprocessing = 0;
		};
		C1E4330E219BA1A900FA06E6 /* Resources */ = {
			isa = PBXResourcesBuildPhase;
			buildActionMask = 2147483647;
			files = (
			);
			runOnlyForDeploymentPostprocessing = 0;
		};
/* End PBXResourcesBuildPhase section */

/* Begin PBXSourcesBuildPhase section */
		C1E432ED219BA1A600FA06E6 /* Sources */ = {
			isa = PBXSourcesBuildPhase;
			buildActionMask = 2147483647;
			files = (
				C1E432F7219BA1A600FA06E6 /* ViewController.swift in Sources */,
				C1E432F5219BA1A600FA06E6 /* AppDelegate.swift in Sources */,
			);
			runOnlyForDeploymentPostprocessing = 0;
		};
		C1E43301219BA1A900FA06E6 /* Sources */ = {
			isa = PBXSourcesBuildPhase;
			buildActionMask = 2147483647;
			files = (
				C1E4330A219BA1A900FA06E6 /* FirebaseStorageSampleTests.swift in Sources */,
			);
			runOnlyForDeploymentPostprocessing = 0;
		};
		C1E4330C219BA1A900FA06E6 /* Sources */ = {
			isa = PBXSourcesBuildPhase;
			buildActionMask = 2147483647;
			files = (
				C1E43315219BA1A900FA06E6 /* FirebaseStorageSampleUITests.swift in Sources */,
			);
			runOnlyForDeploymentPostprocessing = 0;
		};
/* End PBXSourcesBuildPhase section */

/* Begin PBXTargetDependency section */
		C1E43307219BA1A900FA06E6 /* PBXTargetDependency */ = {
			isa = PBXTargetDependency;
			target = C1E432F0219BA1A600FA06E6 /* FirebaseStorageSample */;
			targetProxy = C1E43306219BA1A900FA06E6 /* PBXContainerItemProxy */;
		};
		C1E43312219BA1A900FA06E6 /* PBXTargetDependency */ = {
			isa = PBXTargetDependency;
			target = C1E432F0219BA1A600FA06E6 /* FirebaseStorageSample */;
			targetProxy = C1E43311219BA1A900FA06E6 /* PBXContainerItemProxy */;
		};
/* End PBXTargetDependency section */

/* Begin PBXVariantGroup section */
		C1E432F8219BA1A600FA06E6 /* Main.storyboard */ = {
			isa = PBXVariantGroup;
			children = (
				C1E432F9219BA1A600FA06E6 /* Base */,
			);
			name = Main.storyboard;
			sourceTree = "<group>";
		};
		C1E432FD219BA1A900FA06E6 /* LaunchScreen.storyboard */ = {
			isa = PBXVariantGroup;
			children = (
				C1E432FE219BA1A900FA06E6 /* Base */,
			);
			name = LaunchScreen.storyboard;
			sourceTree = "<group>";
		};
/* End PBXVariantGroup section */

/* Begin XCBuildConfiguration section */
		C1E43317219BA1A900FA06E6 /* Debug */ = {
			isa = XCBuildConfiguration;
			buildSettings = {
				ALWAYS_SEARCH_USER_PATHS = NO;
				CLANG_ANALYZER_NONNULL = YES;
				CLANG_ANALYZER_NUMBER_OBJECT_CONVERSION = YES_AGGRESSIVE;
				CLANG_CXX_LANGUAGE_STANDARD = "gnu++14";
				CLANG_CXX_LIBRARY = "libc++";
				CLANG_ENABLE_MODULES = YES;
				CLANG_ENABLE_OBJC_ARC = YES;
				CLANG_ENABLE_OBJC_WEAK = YES;
				CLANG_WARN_BLOCK_CAPTURE_AUTORELEASING = YES;
				CLANG_WARN_BOOL_CONVERSION = YES;
				CLANG_WARN_COMMA = YES;
				CLANG_WARN_CONSTANT_CONVERSION = YES;
				CLANG_WARN_DEPRECATED_OBJC_IMPLEMENTATIONS = YES;
				CLANG_WARN_DIRECT_OBJC_ISA_USAGE = YES_ERROR;
				CLANG_WARN_DOCUMENTATION_COMMENTS = YES;
				CLANG_WARN_EMPTY_BODY = YES;
				CLANG_WARN_ENUM_CONVERSION = YES;
				CLANG_WARN_INFINITE_RECURSION = YES;
				CLANG_WARN_INT_CONVERSION = YES;
				CLANG_WARN_NON_LITERAL_NULL_CONVERSION = YES;
				CLANG_WARN_OBJC_IMPLICIT_RETAIN_SELF = YES;
				CLANG_WARN_OBJC_LITERAL_CONVERSION = YES;
				CLANG_WARN_OBJC_ROOT_CLASS = YES_ERROR;
				CLANG_WARN_RANGE_LOOP_ANALYSIS = YES;
				CLANG_WARN_STRICT_PROTOTYPES = YES;
				CLANG_WARN_SUSPICIOUS_MOVE = YES;
				CLANG_WARN_UNGUARDED_AVAILABILITY = YES_AGGRESSIVE;
				CLANG_WARN_UNREACHABLE_CODE = YES;
				CLANG_WARN__DUPLICATE_METHOD_MATCH = YES;
				CODE_SIGN_IDENTITY = "iPhone Developer";
				COPY_PHASE_STRIP = NO;
				DEBUG_INFORMATION_FORMAT = dwarf;
				ENABLE_STRICT_OBJC_MSGSEND = YES;
				ENABLE_TESTABILITY = YES;
				GCC_C_LANGUAGE_STANDARD = gnu11;
				GCC_DYNAMIC_NO_PIC = NO;
				GCC_NO_COMMON_BLOCKS = YES;
				GCC_OPTIMIZATION_LEVEL = 0;
				GCC_PREPROCESSOR_DEFINITIONS = (
					"DEBUG=1",
					"$(inherited)",
				);
				GCC_WARN_64_TO_32_BIT_CONVERSION = YES;
				GCC_WARN_ABOUT_RETURN_TYPE = YES_ERROR;
				GCC_WARN_UNDECLARED_SELECTOR = YES;
				GCC_WARN_UNINITIALIZED_AUTOS = YES_AGGRESSIVE;
				GCC_WARN_UNUSED_FUNCTION = YES;
				GCC_WARN_UNUSED_VARIABLE = YES;
				IPHONEOS_DEPLOYMENT_TARGET = 12.1;
				MTL_ENABLE_DEBUG_INFO = INCLUDE_SOURCE;
				MTL_FAST_MATH = YES;
				ONLY_ACTIVE_ARCH = YES;
				SDKROOT = iphoneos;
				SWIFT_ACTIVE_COMPILATION_CONDITIONS = DEBUG;
				SWIFT_OPTIMIZATION_LEVEL = "-Onone";
			};
			name = Debug;
		};
		C1E43318219BA1A900FA06E6 /* Release */ = {
			isa = XCBuildConfiguration;
			buildSettings = {
				ALWAYS_SEARCH_USER_PATHS = NO;
				CLANG_ANALYZER_NONNULL = YES;
				CLANG_ANALYZER_NUMBER_OBJECT_CONVERSION = YES_AGGRESSIVE;
				CLANG_CXX_LANGUAGE_STANDARD = "gnu++14";
				CLANG_CXX_LIBRARY = "libc++";
				CLANG_ENABLE_MODULES = YES;
				CLANG_ENABLE_OBJC_ARC = YES;
				CLANG_ENABLE_OBJC_WEAK = YES;
				CLANG_WARN_BLOCK_CAPTURE_AUTORELEASING = YES;
				CLANG_WARN_BOOL_CONVERSION = YES;
				CLANG_WARN_COMMA = YES;
				CLANG_WARN_CONSTANT_CONVERSION = YES;
				CLANG_WARN_DEPRECATED_OBJC_IMPLEMENTATIONS = YES;
				CLANG_WARN_DIRECT_OBJC_ISA_USAGE = YES_ERROR;
				CLANG_WARN_DOCUMENTATION_COMMENTS = YES;
				CLANG_WARN_EMPTY_BODY = YES;
				CLANG_WARN_ENUM_CONVERSION = YES;
				CLANG_WARN_INFINITE_RECURSION = YES;
				CLANG_WARN_INT_CONVERSION = YES;
				CLANG_WARN_NON_LITERAL_NULL_CONVERSION = YES;
				CLANG_WARN_OBJC_IMPLICIT_RETAIN_SELF = YES;
				CLANG_WARN_OBJC_LITERAL_CONVERSION = YES;
				CLANG_WARN_OBJC_ROOT_CLASS = YES_ERROR;
				CLANG_WARN_RANGE_LOOP_ANALYSIS = YES;
				CLANG_WARN_STRICT_PROTOTYPES = YES;
				CLANG_WARN_SUSPICIOUS_MOVE = YES;
				CLANG_WARN_UNGUARDED_AVAILABILITY = YES_AGGRESSIVE;
				CLANG_WARN_UNREACHABLE_CODE = YES;
				CLANG_WARN__DUPLICATE_METHOD_MATCH = YES;
				CODE_SIGN_IDENTITY = "iPhone Developer";
				COPY_PHASE_STRIP = NO;
				DEBUG_INFORMATION_FORMAT = "dwarf-with-dsym";
				ENABLE_NS_ASSERTIONS = NO;
				ENABLE_STRICT_OBJC_MSGSEND = YES;
				GCC_C_LANGUAGE_STANDARD = gnu11;
				GCC_NO_COMMON_BLOCKS = YES;
				GCC_WARN_64_TO_32_BIT_CONVERSION = YES;
				GCC_WARN_ABOUT_RETURN_TYPE = YES_ERROR;
				GCC_WARN_UNDECLARED_SELECTOR = YES;
				GCC_WARN_UNINITIALIZED_AUTOS = YES_AGGRESSIVE;
				GCC_WARN_UNUSED_FUNCTION = YES;
				GCC_WARN_UNUSED_VARIABLE = YES;
				IPHONEOS_DEPLOYMENT_TARGET = 12.1;
				MTL_ENABLE_DEBUG_INFO = NO;
				MTL_FAST_MATH = YES;
				SDKROOT = iphoneos;
				SWIFT_COMPILATION_MODE = wholemodule;
				SWIFT_OPTIMIZATION_LEVEL = "-O";
				VALIDATE_PRODUCT = YES;
			};
			name = Release;
		};
		C1E4331A219BA1A900FA06E6 /* Debug */ = {
			isa = XCBuildConfiguration;
			buildSettings = {
				ASSETCATALOG_COMPILER_APPICON_NAME = AppIcon;
				CODE_SIGN_STYLE = Automatic;
				INFOPLIST_FILE = FirebaseStorageSample/Info.plist;
				LD_RUNPATH_SEARCH_PATHS = (
					"$(inherited)",
					"@executable_path/Frameworks",
				);
				PRODUCT_BUNDLE_IDENTIFIER = com.paranishian.FirebaseStorageSample;
				PRODUCT_NAME = "$(TARGET_NAME)";
				SWIFT_VERSION = 4.2;
				TARGETED_DEVICE_FAMILY = "1,2";
			};
			name = Debug;
		};
		C1E4331B219BA1A900FA06E6 /* Release */ = {
			isa = XCBuildConfiguration;
			buildSettings = {
				ASSETCATALOG_COMPILER_APPICON_NAME = AppIcon;
				CODE_SIGN_STYLE = Automatic;
				INFOPLIST_FILE = FirebaseStorageSample/Info.plist;
				LD_RUNPATH_SEARCH_PATHS = (
					"$(inherited)",
					"@executable_path/Frameworks",
				);
				PRODUCT_BUNDLE_IDENTIFIER = com.paranishian.FirebaseStorageSample;
				PRODUCT_NAME = "$(TARGET_NAME)";
				SWIFT_VERSION = 4.2;
				TARGETED_DEVICE_FAMILY = "1,2";
			};
			name = Release;
		};
		C1E4331D219BA1A900FA06E6 /* Debug */ = {
			isa = XCBuildConfiguration;
			buildSettings = {
				ALWAYS_EMBED_SWIFT_STANDARD_LIBRARIES = YES;
				BUNDLE_LOADER = "$(TEST_HOST)";
				CODE_SIGN_STYLE = Automatic;
				INFOPLIST_FILE = FirebaseStorageSampleTests/Info.plist;
				LD_RUNPATH_SEARCH_PATHS = (
					"$(inherited)",
					"@executable_path/Frameworks",
					"@loader_path/Frameworks",
				);
				PRODUCT_BUNDLE_IDENTIFIER = com.paranishian.FirebaseStorageSampleTests;
				PRODUCT_NAME = "$(TARGET_NAME)";
				SWIFT_VERSION = 4.2;
				TARGETED_DEVICE_FAMILY = "1,2";
				TEST_HOST = "$(BUILT_PRODUCTS_DIR)/FirebaseStorageSample.app/FirebaseStorageSample";
			};
			name = Debug;
		};
		C1E4331E219BA1A900FA06E6 /* Release */ = {
			isa = XCBuildConfiguration;
			buildSettings = {
				ALWAYS_EMBED_SWIFT_STANDARD_LIBRARIES = YES;
				BUNDLE_LOADER = "$(TEST_HOST)";
				CODE_SIGN_STYLE = Automatic;
				INFOPLIST_FILE = FirebaseStorageSampleTests/Info.plist;
				LD_RUNPATH_SEARCH_PATHS = (
					"$(inherited)",
					"@executable_path/Frameworks",
					"@loader_path/Frameworks",
				);
				PRODUCT_BUNDLE_IDENTIFIER = com.paranishian.FirebaseStorageSampleTests;
				PRODUCT_NAME = "$(TARGET_NAME)";
				SWIFT_VERSION = 4.2;
				TARGETED_DEVICE_FAMILY = "1,2";
				TEST_HOST = "$(BUILT_PRODUCTS_DIR)/FirebaseStorageSample.app/FirebaseStorageSample";
			};
			name = Release;
		};
		C1E43320219BA1A900FA06E6 /* Debug */ = {
			isa = XCBuildConfiguration;
			buildSettings = {
				ALWAYS_EMBED_SWIFT_STANDARD_LIBRARIES = YES;
				CODE_SIGN_STYLE = Automatic;
				INFOPLIST_FILE = FirebaseStorageSampleUITests/Info.plist;
				LD_RUNPATH_SEARCH_PATHS = (
					"$(inherited)",
					"@executable_path/Frameworks",
					"@loader_path/Frameworks",
				);
				PRODUCT_BUNDLE_IDENTIFIER = com.paranishian.FirebaseStorageSampleUITests;
				PRODUCT_NAME = "$(TARGET_NAME)";
				SWIFT_VERSION = 4.2;
				TARGETED_DEVICE_FAMILY = "1,2";
				TEST_TARGET_NAME = FirebaseStorageSample;
			};
			name = Debug;
		};
		C1E43321219BA1A900FA06E6 /* Release */ = {
			isa = XCBuildConfiguration;
			buildSettings = {
				ALWAYS_EMBED_SWIFT_STANDARD_LIBRARIES = YES;
				CODE_SIGN_STYLE = Automatic;
				INFOPLIST_FILE = FirebaseStorageSampleUITests/Info.plist;
				LD_RUNPATH_SEARCH_PATHS = (
					"$(inherited)",
					"@executable_path/Frameworks",
					"@loader_path/Frameworks",
				);
				PRODUCT_BUNDLE_IDENTIFIER = com.paranishian.FirebaseStorageSampleUITests;
				PRODUCT_NAME = "$(TARGET_NAME)";
				SWIFT_VERSION = 4.2;
				TARGETED_DEVICE_FAMILY = "1,2";
				TEST_TARGET_NAME = FirebaseStorageSample;
			};
			name = Release;
		};
/* End XCBuildConfiguration section */

/* Begin XCConfigurationList section */
		C1E432EC219BA1A600FA06E6 /* Build configuration list for PBXProject "FirebaseStorageSample" */ = {
			isa = XCConfigurationList;
			buildConfigurations = (
				C1E43317219BA1A900FA06E6 /* Debug */,
				C1E43318219BA1A900FA06E6 /* Release */,
			);
			defaultConfigurationIsVisible = 0;
			defaultConfigurationName = Release;
		};
		C1E43319219BA1A900FA06E6 /* Build configuration list for PBXNativeTarget "FirebaseStorageSample" */ = {
			isa = XCConfigurationList;
			buildConfigurations = (
				C1E4331A219BA1A900FA06E6 /* Debug */,
				C1E4331B219BA1A900FA06E6 /* Release */,
			);
			defaultConfigurationIsVisible = 0;
			defaultConfigurationName = Release;
		};
		C1E4331C219BA1A900FA06E6 /* Build configuration list for PBXNativeTarget "FirebaseStorageSampleTests" */ = {
			isa = XCConfigurationList;
			buildConfigurations = (
				C1E4331D219BA1A900FA06E6 /* Debug */,
				C1E4331E219BA1A900FA06E6 /* Release */,
			);
			defaultConfigurationIsVisible = 0;
			defaultConfigurationName = Release;
		};
		C1E4331F219BA1A900FA06E6 /* Build configuration list for PBXNativeTarget "FirebaseStorageSampleUITests" */ = {
			isa = XCConfigurationList;
			buildConfigurations = (
				C1E43320219BA1A900FA06E6 /* Debug */,
				C1E43321219BA1A900FA06E6 /* Release */,
			);
			defaultConfigurationIsVisible = 0;
			defaultConfigurationName = Release;
		};
/* End XCConfigurationList section */
	};
	rootObject = C1E432E9219BA1A600FA06E6 /* Project object */;
}
